// !$*UTF8*$!
{
	archiveVersion = 1;
	classes = {
	};
	objectVersion = 46;
	objects = {

/* Begin PBXBuildFile section */
		2670B1D41B39849300E321E2 /* TDPickerViewController.m in Sources */ = {isa = PBXBuildFile; fileRef = 2670B1D31B39849300E321E2 /* TDPickerViewController.m */; };
		2670B1F81B3984F200E321E2 /* EZLayoutAlignment+Private.m in Sources */ = {isa = PBXBuildFile; fileRef = 2670B1DA1B3984F200E321E2 /* EZLayoutAlignment+Private.m */; };
		2670B1F91B3984F200E321E2 /* EZLayoutAlignment+Shorthand.m in Sources */ = {isa = PBXBuildFile; fileRef = 2670B1DC1B3984F200E321E2 /* EZLayoutAlignment+Shorthand.m */; };
		2670B1FA1B3984F200E321E2 /* EZLayoutAlignment.m in Sources */ = {isa = PBXBuildFile; fileRef = 2670B1DE1B3984F200E321E2 /* EZLayoutAlignment.m */; };
		2670B1FB1B3984F200E321E2 /* EZLayoutContainerView+Private.m in Sources */ = {isa = PBXBuildFile; fileRef = 2670B1E11B3984F200E321E2 /* EZLayoutContainerView+Private.m */; };
		2670B1FC1B3984F200E321E2 /* EZLayoutContainerView+Shorthand.m in Sources */ = {isa = PBXBuildFile; fileRef = 2670B1E31B3984F200E321E2 /* EZLayoutContainerView+Shorthand.m */; };
		2670B1FD1B3984F200E321E2 /* EZLayoutContainerView.m in Sources */ = {isa = PBXBuildFile; fileRef = 2670B1E51B3984F200E321E2 /* EZLayoutContainerView.m */; };
		2670B1FE1B3984F200E321E2 /* EZLayoutDebugLayer.m in Sources */ = {isa = PBXBuildFile; fileRef = 2670B1E71B3984F200E321E2 /* EZLayoutDebugLayer.m */; };
		2670B1FF1B3984F200E321E2 /* EZLayoutFlexibleRatio.m in Sources */ = {isa = PBXBuildFile; fileRef = 2670B1E91B3984F200E321E2 /* EZLayoutFlexibleRatio.m */; };
		2670B2001B3984F200E321E2 /* EZLayoutSize+Private.m in Sources */ = {isa = PBXBuildFile; fileRef = 2670B1EB1B3984F200E321E2 /* EZLayoutSize+Private.m */; };
		2670B2011B3984F200E321E2 /* EZLayoutSize+Shorthand.m in Sources */ = {isa = PBXBuildFile; fileRef = 2670B1ED1B3984F200E321E2 /* EZLayoutSize+Shorthand.m */; };
		2670B2021B3984F200E321E2 /* EZLayoutSize.m in Sources */ = {isa = PBXBuildFile; fileRef = 2670B1EF1B3984F200E321E2 /* EZLayoutSize.m */; };
		2670B2031B3984F200E321E2 /* UIDevice+EZLayout.m in Sources */ = {isa = PBXBuildFile; fileRef = 2670B1F11B3984F200E321E2 /* UIDevice+EZLayout.m */; };
		2670B2041B3984F200E321E2 /* UITextView+EZLayout.m in Sources */ = {isa = PBXBuildFile; fileRef = 2670B1F31B3984F200E321E2 /* UITextView+EZLayout.m */; };
		2670B2051B3984F200E321E2 /* UIView+EZLayout.m in Sources */ = {isa = PBXBuildFile; fileRef = 2670B1F51B3984F200E321E2 /* UIView+EZLayout.m */; };
		2670B2061B3984F200E321E2 /* UIView+EZLayout_Private.m in Sources */ = {isa = PBXBuildFile; fileRef = 2670B1F71B3984F200E321E2 /* UIView+EZLayout_Private.m */; };
		2670B20A1B39858C00E321E2 /* TDButton.m in Sources */ = {isa = PBXBuildFile; fileRef = 2670B2091B39858C00E321E2 /* TDButton.m */; };
		2670B20E1B3987F200E321E2 /* UIColor+Theme.m in Sources */ = {isa = PBXBuildFile; fileRef = 2670B20D1B3987F200E321E2 /* UIColor+Theme.m */; };
		2670B2111B39A9C700E321E2 /* TDCardView.m in Sources */ = {isa = PBXBuildFile; fileRef = 2670B2101B39A9C700E321E2 /* TDCardView.m */; };
		2670B2141B39AA3600E321E2 /* TDCardContainer.m in Sources */ = {isa = PBXBuildFile; fileRef = 2670B2131B39AA3600E321E2 /* TDCardContainer.m */; };
		26D24E9A1ACF27D600000377 /* main.m in Sources */ = {isa = PBXBuildFile; fileRef = 26D24E991ACF27D600000377 /* main.m */; };
		26D24E9D1ACF27D600000377 /* AppDelegate.m in Sources */ = {isa = PBXBuildFile; fileRef = 26D24E9C1ACF27D600000377 /* AppDelegate.m */; };
		26D24EA01ACF27D600000377 /* ViewController.m in Sources */ = {isa = PBXBuildFile; fileRef = 26D24E9F1ACF27D600000377 /* ViewController.m */; };
		26D24EA31ACF27D600000377 /* Main.storyboard in Resources */ = {isa = PBXBuildFile; fileRef = 26D24EA11ACF27D600000377 /* Main.storyboard */; };
		26D24EA51ACF27D600000377 /* Images.xcassets in Resources */ = {isa = PBXBuildFile; fileRef = 26D24EA41ACF27D600000377 /* Images.xcassets */; };
		26D24EA81ACF27D600000377 /* LaunchScreen.xib in Resources */ = {isa = PBXBuildFile; fileRef = 26D24EA61ACF27D600000377 /* LaunchScreen.xib */; };
		26D24EB41ACF27D600000377 /* TunederTests.m in Sources */ = {isa = PBXBuildFile; fileRef = 26D24EB31ACF27D600000377 /* TunederTests.m */; };
		26D24EC01ACF287A00000377 /* TDBaseViewController.m in Sources */ = {isa = PBXBuildFile; fileRef = 26D24EBF1ACF287A00000377 /* TDBaseViewController.m */; };
		26D24EC51ACF29B900000377 /* TDMusicManager.m in Sources */ = {isa = PBXBuildFile; fileRef = 26D24EC41ACF29B900000377 /* TDMusicManager.m */; };
		26D24EC71ACF2AA400000377 /* MediaPlayer.framework in Frameworks */ = {isa = PBXBuildFile; fileRef = 26D24EC61ACF2AA400000377 /* MediaPlayer.framework */; };
/* End PBXBuildFile section */

/* Begin PBXContainerItemProxy section */
		26D24EAE1ACF27D600000377 /* PBXContainerItemProxy */ = {
			isa = PBXContainerItemProxy;
			containerPortal = 26D24E8C1ACF27D600000377 /* Project object */;
			proxyType = 1;
			remoteGlobalIDString = 26D24E931ACF27D600000377;
			remoteInfo = Tuneder;
		};
/* End PBXContainerItemProxy section */

/* Begin PBXFileReference section */
		2670B1D21B39849300E321E2 /* TDPickerViewController.h */ = {isa = PBXFileReference; fileEncoding = 4; lastKnownFileType = sourcecode.c.h; path = TDPickerViewController.h; sourceTree = "<group>"; };
		2670B1D31B39849300E321E2 /* TDPickerViewController.m */ = {isa = PBXFileReference; fileEncoding = 4; lastKnownFileType = sourcecode.c.objc; path = TDPickerViewController.m; sourceTree = "<group>"; };
		2670B1D81B3984F200E321E2 /* EZLayout.h */ = {isa = PBXFileReference; fileEncoding = 4; lastKnownFileType = sourcecode.c.h; path = EZLayout.h; sourceTree = "<group>"; };
		2670B1D91B3984F200E321E2 /* EZLayoutAlignment+Private.h */ = {isa = PBXFileReference; fileEncoding = 4; lastKnownFileType = sourcecode.c.h; path = "EZLayoutAlignment+Private.h"; sourceTree = "<group>"; };
		2670B1DA1B3984F200E321E2 /* EZLayoutAlignment+Private.m */ = {isa = PBXFileReference; fileEncoding = 4; lastKnownFileType = sourcecode.c.objc; path = "EZLayoutAlignment+Private.m"; sourceTree = "<group>"; };
		2670B1DB1B3984F200E321E2 /* EZLayoutAlignment+Shorthand.h */ = {isa = PBXFileReference; fileEncoding = 4; lastKnownFileType = sourcecode.c.h; path = "EZLayoutAlignment+Shorthand.h"; sourceTree = "<group>"; };
		2670B1DC1B3984F200E321E2 /* EZLayoutAlignment+Shorthand.m */ = {isa = PBXFileReference; fileEncoding = 4; lastKnownFileType = sourcecode.c.objc; path = "EZLayoutAlignment+Shorthand.m"; sourceTree = "<group>"; };
		2670B1DD1B3984F200E321E2 /* EZLayoutAlignment.h */ = {isa = PBXFileReference; fileEncoding = 4; lastKnownFileType = sourcecode.c.h; path = EZLayoutAlignment.h; sourceTree = "<group>"; };
		2670B1DE1B3984F200E321E2 /* EZLayoutAlignment.m */ = {isa = PBXFileReference; fileEncoding = 4; lastKnownFileType = sourcecode.c.objc; path = EZLayoutAlignment.m; sourceTree = "<group>"; };
		2670B1DF1B3984F200E321E2 /* EZLayoutConstants.h */ = {isa = PBXFileReference; fileEncoding = 4; lastKnownFileType = sourcecode.c.h; path = EZLayoutConstants.h; sourceTree = "<group>"; };
		2670B1E01B3984F200E321E2 /* EZLayoutContainerView+Private.h */ = {isa = PBXFileReference; fileEncoding = 4; lastKnownFileType = sourcecode.c.h; path = "EZLayoutContainerView+Private.h"; sourceTree = "<group>"; };
		2670B1E11B3984F200E321E2 /* EZLayoutContainerView+Private.m */ = {isa = PBXFileReference; fileEncoding = 4; lastKnownFileType = sourcecode.c.objc; path = "EZLayoutContainerView+Private.m"; sourceTree = "<group>"; };
		2670B1E21B3984F200E321E2 /* EZLayoutContainerView+Shorthand.h */ = {isa = PBXFileReference; fileEncoding = 4; lastKnownFileType = sourcecode.c.h; path = "EZLayoutContainerView+Shorthand.h"; sourceTree = "<group>"; };
		2670B1E31B3984F200E321E2 /* EZLayoutContainerView+Shorthand.m */ = {isa = PBXFileReference; fileEncoding = 4; lastKnownFileType = sourcecode.c.objc; path = "EZLayoutContainerView+Shorthand.m"; sourceTree = "<group>"; };
		2670B1E41B3984F200E321E2 /* EZLayoutContainerView.h */ = {isa = PBXFileReference; fileEncoding = 4; lastKnownFileType = sourcecode.c.h; path = EZLayoutContainerView.h; sourceTree = "<group>"; };
		2670B1E51B3984F200E321E2 /* EZLayoutContainerView.m */ = {isa = PBXFileReference; fileEncoding = 4; lastKnownFileType = sourcecode.c.objc; path = EZLayoutContainerView.m; sourceTree = "<group>"; };
		2670B1E61B3984F200E321E2 /* EZLayoutDebugLayer.h */ = {isa = PBXFileReference; fileEncoding = 4; lastKnownFileType = sourcecode.c.h; path = EZLayoutDebugLayer.h; sourceTree = "<group>"; };
		2670B1E71B3984F200E321E2 /* EZLayoutDebugLayer.m */ = {isa = PBXFileReference; fileEncoding = 4; lastKnownFileType = sourcecode.c.objc; path = EZLayoutDebugLayer.m; sourceTree = "<group>"; };
		2670B1E81B3984F200E321E2 /* EZLayoutFlexibleRatio.h */ = {isa = PBXFileReference; fileEncoding = 4; lastKnownFileType = sourcecode.c.h; path = EZLayoutFlexibleRatio.h; sourceTree = "<group>"; };
		2670B1E91B3984F200E321E2 /* EZLayoutFlexibleRatio.m */ = {isa = PBXFileReference; fileEncoding = 4; lastKnownFileType = sourcecode.c.objc; path = EZLayoutFlexibleRatio.m; sourceTree = "<group>"; };
		2670B1EA1B3984F200E321E2 /* EZLayoutSize+Private.h */ = {isa = PBXFileReference; fileEncoding = 4; lastKnownFileType = sourcecode.c.h; path = "EZLayoutSize+Private.h"; sourceTree = "<group>"; };
		2670B1EB1B3984F200E321E2 /* EZLayoutSize+Private.m */ = {isa = PBXFileReference; fileEncoding = 4; lastKnownFileType = sourcecode.c.objc; path = "EZLayoutSize+Private.m"; sourceTree = "<group>"; };
		2670B1EC1B3984F200E321E2 /* EZLayoutSize+Shorthand.h */ = {isa = PBXFileReference; fileEncoding = 4; lastKnownFileType = sourcecode.c.h; path = "EZLayoutSize+Shorthand.h"; sourceTree = "<group>"; };
		2670B1ED1B3984F200E321E2 /* EZLayoutSize+Shorthand.m */ = {isa = PBXFileReference; fileEncoding = 4; lastKnownFileType = sourcecode.c.objc; path = "EZLayoutSize+Shorthand.m"; sourceTree = "<group>"; };
		2670B1EE1B3984F200E321E2 /* EZLayoutSize.h */ = {isa = PBXFileReference; fileEncoding = 4; lastKnownFileType = sourcecode.c.h; path = EZLayoutSize.h; sourceTree = "<group>"; };
		2670B1EF1B3984F200E321E2 /* EZLayoutSize.m */ = {isa = PBXFileReference; fileEncoding = 4; lastKnownFileType = sourcecode.c.objc; path = EZLayoutSize.m; sourceTree = "<group>"; };
		2670B1F01B3984F200E321E2 /* UIDevice+EZLayout.h */ = {isa = PBXFileReference; fileEncoding = 4; lastKnownFileType = sourcecode.c.h; path = "UIDevice+EZLayout.h"; sourceTree = "<group>"; };
		2670B1F11B3984F200E321E2 /* UIDevice+EZLayout.m */ = {isa = PBXFileReference; fileEncoding = 4; lastKnownFileType = sourcecode.c.objc; path = "UIDevice+EZLayout.m"; sourceTree = "<group>"; };
		2670B1F21B3984F200E321E2 /* UITextView+EZLayout.h */ = {isa = PBXFileReference; fileEncoding = 4; lastKnownFileType = sourcecode.c.h; path = "UITextView+EZLayout.h"; sourceTree = "<group>"; };
		2670B1F31B3984F200E321E2 /* UITextView+EZLayout.m */ = {isa = PBXFileReference; fileEncoding = 4; lastKnownFileType = sourcecode.c.objc; path = "UITextView+EZLayout.m"; sourceTree = "<group>"; };
		2670B1F41B3984F200E321E2 /* UIView+EZLayout.h */ = {isa = PBXFileReference; fileEncoding = 4; lastKnownFileType = sourcecode.c.h; path = "UIView+EZLayout.h"; sourceTree = "<group>"; };
		2670B1F51B3984F200E321E2 /* UIView+EZLayout.m */ = {isa = PBXFileReference; fileEncoding = 4; lastKnownFileType = sourcecode.c.objc; path = "UIView+EZLayout.m"; sourceTree = "<group>"; };
		2670B1F61B3984F200E321E2 /* UIView+EZLayout_Private.h */ = {isa = PBXFileReference; fileEncoding = 4; lastKnownFileType = sourcecode.c.h; path = "UIView+EZLayout_Private.h"; sourceTree = "<group>"; };
		2670B1F71B3984F200E321E2 /* UIView+EZLayout_Private.m */ = {isa = PBXFileReference; fileEncoding = 4; lastKnownFileType = sourcecode.c.objc; path = "UIView+EZLayout_Private.m"; sourceTree = "<group>"; };
		2670B2081B39858C00E321E2 /* TDButton.h */ = {isa = PBXFileReference; fileEncoding = 4; lastKnownFileType = sourcecode.c.h; path = TDButton.h; sourceTree = "<group>"; };
		2670B2091B39858C00E321E2 /* TDButton.m */ = {isa = PBXFileReference; fileEncoding = 4; lastKnownFileType = sourcecode.c.objc; path = TDButton.m; sourceTree = "<group>"; };
		2670B20C1B3987F200E321E2 /* UIColor+Theme.h */ = {isa = PBXFileReference; fileEncoding = 4; lastKnownFileType = sourcecode.c.h; path = "UIColor+Theme.h"; sourceTree = "<group>"; };
		2670B20D1B3987F200E321E2 /* UIColor+Theme.m */ = {isa = PBXFileReference; fileEncoding = 4; lastKnownFileType = sourcecode.c.objc; path = "UIColor+Theme.m"; sourceTree = "<group>"; };
		2670B20F1B39A9C700E321E2 /* TDCardView.h */ = {isa = PBXFileReference; fileEncoding = 4; lastKnownFileType = sourcecode.c.h; path = TDCardView.h; sourceTree = "<group>"; };
		2670B2101B39A9C700E321E2 /* TDCardView.m */ = {isa = PBXFileReference; fileEncoding = 4; lastKnownFileType = sourcecode.c.objc; path = TDCardView.m; sourceTree = "<group>"; };
		2670B2121B39AA3600E321E2 /* TDCardContainer.h */ = {isa = PBXFileReference; fileEncoding = 4; lastKnownFileType = sourcecode.c.h; path = TDCardContainer.h; sourceTree = "<group>"; };
		2670B2131B39AA3600E321E2 /* TDCardContainer.m */ = {isa = PBXFileReference; fileEncoding = 4; lastKnownFileType = sourcecode.c.objc; path = TDCardContainer.m; sourceTree = "<group>"; };
		26D24E941ACF27D600000377 /* Tuneder.app */ = {isa = PBXFileReference; explicitFileType = wrapper.application; includeInIndex = 0; path = Tuneder.app; sourceTree = BUILT_PRODUCTS_DIR; };
		26D24E981ACF27D600000377 /* Info.plist */ = {isa = PBXFileReference; lastKnownFileType = text.plist.xml; path = Info.plist; sourceTree = "<group>"; };
		26D24E991ACF27D600000377 /* main.m */ = {isa = PBXFileReference; lastKnownFileType = sourcecode.c.objc; path = main.m; sourceTree = "<group>"; };
		26D24E9B1ACF27D600000377 /* AppDelegate.h */ = {isa = PBXFileReference; lastKnownFileType = sourcecode.c.h; path = AppDelegate.h; sourceTree = "<group>"; };
		26D24E9C1ACF27D600000377 /* AppDelegate.m */ = {isa = PBXFileReference; lastKnownFileType = sourcecode.c.objc; path = AppDelegate.m; sourceTree = "<group>"; };
		26D24E9E1ACF27D600000377 /* ViewController.h */ = {isa = PBXFileReference; lastKnownFileType = sourcecode.c.h; path = ViewController.h; sourceTree = "<group>"; };
		26D24E9F1ACF27D600000377 /* ViewController.m */ = {isa = PBXFileReference; lastKnownFileType = sourcecode.c.objc; path = ViewController.m; sourceTree = "<group>"; };
		26D24EA21ACF27D600000377 /* Base */ = {isa = PBXFileReference; lastKnownFileType = file.storyboard; name = Base; path = Base.lproj/Main.storyboard; sourceTree = "<group>"; };
		26D24EA41ACF27D600000377 /* Images.xcassets */ = {isa = PBXFileReference; lastKnownFileType = folder.assetcatalog; path = Images.xcassets; sourceTree = "<group>"; };
		26D24EA71ACF27D600000377 /* Base */ = {isa = PBXFileReference; lastKnownFileType = file.xib; name = Base; path = Base.lproj/LaunchScreen.xib; sourceTree = "<group>"; };
		26D24EAD1ACF27D600000377 /* TunederTests.xctest */ = {isa = PBXFileReference; explicitFileType = wrapper.cfbundle; includeInIndex = 0; path = TunederTests.xctest; sourceTree = BUILT_PRODUCTS_DIR; };
		26D24EB21ACF27D600000377 /* Info.plist */ = {isa = PBXFileReference; lastKnownFileType = text.plist.xml; path = Info.plist; sourceTree = "<group>"; };
		26D24EB31ACF27D600000377 /* TunederTests.m */ = {isa = PBXFileReference; lastKnownFileType = sourcecode.c.objc; path = TunederTests.m; sourceTree = "<group>"; };
		26D24EBE1ACF287A00000377 /* TDBaseViewController.h */ = {isa = PBXFileReference; fileEncoding = 4; lastKnownFileType = sourcecode.c.h; path = TDBaseViewController.h; sourceTree = "<group>"; };
		26D24EBF1ACF287A00000377 /* TDBaseViewController.m */ = {isa = PBXFileReference; fileEncoding = 4; lastKnownFileType = sourcecode.c.objc; path = TDBaseViewController.m; sourceTree = "<group>"; };
		26D24EC31ACF29B900000377 /* TDMusicManager.h */ = {isa = PBXFileReference; fileEncoding = 4; lastKnownFileType = sourcecode.c.h; path = TDMusicManager.h; sourceTree = "<group>"; };
		26D24EC41ACF29B900000377 /* TDMusicManager.m */ = {isa = PBXFileReference; fileEncoding = 4; lastKnownFileType = sourcecode.c.objc; path = TDMusicManager.m; sourceTree = "<group>"; };
		26D24EC61ACF2AA400000377 /* MediaPlayer.framework */ = {isa = PBXFileReference; lastKnownFileType = wrapper.framework; name = MediaPlayer.framework; path = System/Library/Frameworks/MediaPlayer.framework; sourceTree = SDKROOT; };
/* End PBXFileReference section */

/* Begin PBXFrameworksBuildPhase section */
		26D24E911ACF27D600000377 /* Frameworks */ = {
			isa = PBXFrameworksBuildPhase;
			buildActionMask = 2147483647;
			files = (
				26D24EC71ACF2AA400000377 /* MediaPlayer.framework in Frameworks */,
			);
			runOnlyForDeploymentPostprocessing = 0;
		};
		26D24EAA1ACF27D600000377 /* Frameworks */ = {
			isa = PBXFrameworksBuildPhase;
			buildActionMask = 2147483647;
			files = (
			);
			runOnlyForDeploymentPostprocessing = 0;
		};
/* End PBXFrameworksBuildPhase section */

/* Begin PBXGroup section */
		2670B1D71B3984F200E321E2 /* EZLayout */ = {
			isa = PBXGroup;
			children = (
				2670B1D81B3984F200E321E2 /* EZLayout.h */,
				2670B1D91B3984F200E321E2 /* EZLayoutAlignment+Private.h */,
				2670B1DA1B3984F200E321E2 /* EZLayoutAlignment+Private.m */,
				2670B1DB1B3984F200E321E2 /* EZLayoutAlignment+Shorthand.h */,
				2670B1DC1B3984F200E321E2 /* EZLayoutAlignment+Shorthand.m */,
				2670B1DD1B3984F200E321E2 /* EZLayoutAlignment.h */,
				2670B1DE1B3984F200E321E2 /* EZLayoutAlignment.m */,
				2670B1DF1B3984F200E321E2 /* EZLayoutConstants.h */,
				2670B1E01B3984F200E321E2 /* EZLayoutContainerView+Private.h */,
				2670B1E11B3984F200E321E2 /* EZLayoutContainerView+Private.m */,
				2670B1E21B3984F200E321E2 /* EZLayoutContainerView+Shorthand.h */,
				2670B1E31B3984F200E321E2 /* EZLayoutContainerView+Shorthand.m */,
				2670B1E41B3984F200E321E2 /* EZLayoutContainerView.h */,
				2670B1E51B3984F200E321E2 /* EZLayoutContainerView.m */,
				2670B1E61B3984F200E321E2 /* EZLayoutDebugLayer.h */,
				2670B1E71B3984F200E321E2 /* EZLayoutDebugLayer.m */,
				2670B1E81B3984F200E321E2 /* EZLayoutFlexibleRatio.h */,
				2670B1E91B3984F200E321E2 /* EZLayoutFlexibleRatio.m */,
				2670B1EA1B3984F200E321E2 /* EZLayoutSize+Private.h */,
				2670B1EB1B3984F200E321E2 /* EZLayoutSize+Private.m */,
				2670B1EC1B3984F200E321E2 /* EZLayoutSize+Shorthand.h */,
				2670B1ED1B3984F200E321E2 /* EZLayoutSize+Shorthand.m */,
				2670B1EE1B3984F200E321E2 /* EZLayoutSize.h */,
				2670B1EF1B3984F200E321E2 /* EZLayoutSize.m */,
				2670B1F01B3984F200E321E2 /* UIDevice+EZLayout.h */,
				2670B1F11B3984F200E321E2 /* UIDevice+EZLayout.m */,
				2670B1F21B3984F200E321E2 /* UITextView+EZLayout.h */,
				2670B1F31B3984F200E321E2 /* UITextView+EZLayout.m */,
				2670B1F41B3984F200E321E2 /* UIView+EZLayout.h */,
				2670B1F51B3984F200E321E2 /* UIView+EZLayout.m */,
				2670B1F61B3984F200E321E2 /* UIView+EZLayout_Private.h */,
				2670B1F71B3984F200E321E2 /* UIView+EZLayout_Private.m */,
			);
			name = EZLayout;
			path = Tuneder/EZLayout;
			sourceTree = "<group>";
		};
		2670B2071B39857300E321E2 /* UI */ = {
			isa = PBXGroup;
			children = (
				2670B2081B39858C00E321E2 /* TDButton.h */,
				2670B2091B39858C00E321E2 /* TDButton.m */,
				2670B20F1B39A9C700E321E2 /* TDCardView.h */,
				2670B2101B39A9C700E321E2 /* TDCardView.m */,
				2670B2121B39AA3600E321E2 /* TDCardContainer.h */,
				2670B2131B39AA3600E321E2 /* TDCardContainer.m */,
			);
			name = UI;
			sourceTree = "<group>";
		};
		2670B20B1B3987CF00E321E2 /* Categories */ = {
			isa = PBXGroup;
			children = (
				2670B20C1B3987F200E321E2 /* UIColor+Theme.h */,
				2670B20D1B3987F200E321E2 /* UIColor+Theme.m */,
			);
			name = Categories;
			sourceTree = "<group>";
		};
		26D24E8B1ACF27D600000377 = {
			isa = PBXGroup;
			children = (
				26D24EC61ACF2AA400000377 /* MediaPlayer.framework */,
				2670B1D71B3984F200E321E2 /* EZLayout */,
				26D24E961ACF27D600000377 /* Tuneder */,
				26D24EB01ACF27D600000377 /* TunederTests */,
				26D24E951ACF27D600000377 /* Products */,
			);
			sourceTree = "<group>";
		};
		26D24E951ACF27D600000377 /* Products */ = {
			isa = PBXGroup;
			children = (
				26D24E941ACF27D600000377 /* Tuneder.app */,
				26D24EAD1ACF27D600000377 /* TunederTests.xctest */,
			);
			name = Products;
			sourceTree = "<group>";
		};
		26D24E961ACF27D600000377 /* Tuneder */ = {
			isa = PBXGroup;
			children = (
				2670B20B1B3987CF00E321E2 /* Categories */,
				2670B2071B39857300E321E2 /* UI */,
				26D24EC11ACF299200000377 /* Objects */,
				26D24EBD1ACF283400000377 /* View Controllers */,
				26D24E9B1ACF27D600000377 /* AppDelegate.h */,
				26D24E9C1ACF27D600000377 /* AppDelegate.m */,
				26D24E9E1ACF27D600000377 /* ViewController.h */,
				26D24E9F1ACF27D600000377 /* ViewController.m */,
				26D24EA11ACF27D600000377 /* Main.storyboard */,
				26D24EA41ACF27D600000377 /* Images.xcassets */,
				26D24EA61ACF27D600000377 /* LaunchScreen.xib */,
				26D24E971ACF27D600000377 /* Supporting Files */,
			);
			path = Tuneder;
			sourceTree = "<group>";
		};
		26D24E971ACF27D600000377 /* Supporting Files */ = {
			isa = PBXGroup;
			children = (
				26D24E981ACF27D600000377 /* Info.plist */,
				26D24E991ACF27D600000377 /* main.m */,
			);
			name = "Supporting Files";
			sourceTree = "<group>";
		};
		26D24EB01ACF27D600000377 /* TunederTests */ = {
			isa = PBXGroup;
			children = (
				26D24EB31ACF27D600000377 /* TunederTests.m */,
				26D24EB11ACF27D600000377 /* Supporting Files */,
			);
			path = TunederTests;
			sourceTree = "<group>";
		};
		26D24EB11ACF27D600000377 /* Supporting Files */ = {
			isa = PBXGroup;
			children = (
				26D24EB21ACF27D600000377 /* Info.plist */,
			);
			name = "Supporting Files";
			sourceTree = "<group>";
		};
		26D24EBD1ACF283400000377 /* View Controllers */ = {
			isa = PBXGroup;
			children = (
				26D24EBE1ACF287A00000377 /* TDBaseViewController.h */,
				26D24EBF1ACF287A00000377 /* TDBaseViewController.m */,
				2670B1D21B39849300E321E2 /* TDPickerViewController.h */,
				2670B1D31B39849300E321E2 /* TDPickerViewController.m */,
			);
			name = "View Controllers";
			sourceTree = "<group>";
		};
		26D24EC11ACF299200000377 /* Objects */ = {
			isa = PBXGroup;
			children = (
				26D24EC21ACF299900000377 /* Music */,
			);
			name = Objects;
			sourceTree = "<group>";
		};
		26D24EC21ACF299900000377 /* Music */ = {
			isa = PBXGroup;
			children = (
				26D24EC31ACF29B900000377 /* TDMusicManager.h */,
				26D24EC41ACF29B900000377 /* TDMusicManager.m */,
			);
			name = Music;
			sourceTree = "<group>";
		};
/* End PBXGroup section */

/* Begin PBXNativeTarget section */
		26D24E931ACF27D600000377 /* Tuneder */ = {
			isa = PBXNativeTarget;
			buildConfigurationList = 26D24EB71ACF27D700000377 /* Build configuration list for PBXNativeTarget "Tuneder" */;
			buildPhases = (
				26D24E901ACF27D600000377 /* Sources */,
				26D24E911ACF27D600000377 /* Frameworks */,
				26D24E921ACF27D600000377 /* Resources */,
			);
			buildRules = (
			);
			dependencies = (
			);
			name = Tuneder;
			productName = Tuneder;
			productReference = 26D24E941ACF27D600000377 /* Tuneder.app */;
			productType = "com.apple.product-type.application";
		};
		26D24EAC1ACF27D600000377 /* TunederTests */ = {
			isa = PBXNativeTarget;
			buildConfigurationList = 26D24EBA1ACF27D700000377 /* Build configuration list for PBXNativeTarget "TunederTests" */;
			buildPhases = (
				26D24EA91ACF27D600000377 /* Sources */,
				26D24EAA1ACF27D600000377 /* Frameworks */,
				26D24EAB1ACF27D600000377 /* Resources */,
			);
			buildRules = (
			);
			dependencies = (
				26D24EAF1ACF27D600000377 /* PBXTargetDependency */,
			);
			name = TunederTests;
			productName = TunederTests;
			productReference = 26D24EAD1ACF27D600000377 /* TunederTests.xctest */;
			productType = "com.apple.product-type.bundle.unit-test";
		};
/* End PBXNativeTarget section */

/* Begin PBXProject section */
		26D24E8C1ACF27D600000377 /* Project object */ = {
			isa = PBXProject;
			attributes = {
				CLASSPREFIX = TD;
				LastUpgradeCheck = 0620;
				ORGANIZATIONNAME = jhurray;
				TargetAttributes = {
					26D24E931ACF27D600000377 = {
						CreatedOnToolsVersion = 6.2;
					};
					26D24EAC1ACF27D600000377 = {
						CreatedOnToolsVersion = 6.2;
						TestTargetID = 26D24E931ACF27D600000377;
					};
				};
			};
			buildConfigurationList = 26D24E8F1ACF27D600000377 /* Build configuration list for PBXProject "Tuneder" */;
			compatibilityVersion = "Xcode 3.2";
			developmentRegion = English;
			hasScannedForEncodings = 0;
			knownRegions = (
				en,
				Base,
			);
			mainGroup = 26D24E8B1ACF27D600000377;
			productRefGroup = 26D24E951ACF27D600000377 /* Products */;
			projectDirPath = "";
			projectRoot = "";
			targets = (
				26D24E931ACF27D600000377 /* Tuneder */,
				26D24EAC1ACF27D600000377 /* TunederTests */,
			);
		};
/* End PBXProject section */

/* Begin PBXResourcesBuildPhase section */
		26D24E921ACF27D600000377 /* Resources */ = {
			isa = PBXResourcesBuildPhase;
			buildActionMask = 2147483647;
			files = (
				26D24EA31ACF27D600000377 /* Main.storyboard in Resources */,
				26D24EA81ACF27D600000377 /* LaunchScreen.xib in Resources */,
				26D24EA51ACF27D600000377 /* Images.xcassets in Resources */,
			);
			runOnlyForDeploymentPostprocessing = 0;
		};
		26D24EAB1ACF27D600000377 /* Resources */ = {
			isa = PBXResourcesBuildPhase;
			buildActionMask = 2147483647;
			files = (
			);
			runOnlyForDeploymentPostprocessing = 0;
		};
/* End PBXResourcesBuildPhase section */

/* Begin PBXSourcesBuildPhase section */
		26D24E901ACF27D600000377 /* Sources */ = {
			isa = PBXSourcesBuildPhase;
			buildActionMask = 2147483647;
			files = (
				2670B2031B3984F200E321E2 /* UIDevice+EZLayout.m in Sources */,
				2670B2051B3984F200E321E2 /* UIView+EZLayout.m in Sources */,
				2670B1D41B39849300E321E2 /* TDPickerViewController.m in Sources */,
				2670B20A1B39858C00E321E2 /* TDButton.m in Sources */,
				2670B2011B3984F200E321E2 /* EZLayoutSize+Shorthand.m in Sources */,
				2670B2041B3984F200E321E2 /* UITextView+EZLayout.m in Sources */,
				2670B1FD1B3984F200E321E2 /* EZLayoutContainerView.m in Sources */,
				2670B1FC1B3984F200E321E2 /* EZLayoutContainerView+Shorthand.m in Sources */,
				2670B1F81B3984F200E321E2 /* EZLayoutAlignment+Private.m in Sources */,
				2670B1F91B3984F200E321E2 /* EZLayoutAlignment+Shorthand.m in Sources */,
				2670B1FB1B3984F200E321E2 /* EZLayoutContainerView+Private.m in Sources */,
				26D24EA01ACF27D600000377 /* ViewController.m in Sources */,
				26D24E9D1ACF27D600000377 /* AppDelegate.m in Sources */,
				26D24E9A1ACF27D600000377 /* main.m in Sources */,
				2670B2141B39AA3600E321E2 /* TDCardContainer.m in Sources */,
				2670B1FE1B3984F200E321E2 /* EZLayoutDebugLayer.m in Sources */,
				2670B20E1B3987F200E321E2 /* UIColor+Theme.m in Sources */,
				2670B2061B3984F200E321E2 /* UIView+EZLayout_Private.m in Sources */,
				26D24EC51ACF29B900000377 /* TDMusicManager.m in Sources */,
				2670B2001B3984F200E321E2 /* EZLayoutSize+Private.m in Sources */,
				2670B1FF1B3984F200E321E2 /* EZLayoutFlexibleRatio.m in Sources */,
				2670B2111B39A9C700E321E2 /* TDCardView.m in Sources */,
				2670B1FA1B3984F200E321E2 /* EZLayoutAlignment.m in Sources */,
				2670B2021B3984F200E321E2 /* EZLayoutSize.m in Sources */,
				26D24EC01ACF287A00000377 /* TDBaseViewController.m in Sources */,
			);
			runOnlyForDeploymentPostprocessing = 0;
		};
		26D24EA91ACF27D600000377 /* Sources */ = {
			isa = PBXSourcesBuildPhase;
			buildActionMask = 2147483647;
			files = (
				26D24EB41ACF27D600000377 /* TunederTests.m in Sources */,
			);
			runOnlyForDeploymentPostprocessing = 0;
		};
/* End PBXSourcesBuildPhase section */

/* Begin PBXTargetDependency section */
		26D24EAF1ACF27D600000377 /* PBXTargetDependency */ = {
			isa = PBXTargetDependency;
			target = 26D24E931ACF27D600000377 /* Tuneder */;
			targetProxy = 26D24EAE1ACF27D600000377 /* PBXContainerItemProxy */;
		};
/* End PBXTargetDependency section */

/* Begin PBXVariantGroup section */
		26D24EA11ACF27D600000377 /* Main.storyboard */ = {
			isa = PBXVariantGroup;
			children = (
				26D24EA21ACF27D600000377 /* Base */,
			);
			name = Main.storyboard;
			sourceTree = "<group>";
		};
		26D24EA61ACF27D600000377 /* LaunchScreen.xib */ = {
			isa = PBXVariantGroup;
			children = (
				26D24EA71ACF27D600000377 /* Base */,
			);
			name = LaunchScreen.xib;
			sourceTree = "<group>";
		};
/* End PBXVariantGroup section */

/* Begin XCBuildConfiguration section */
		26D24EB51ACF27D600000377 /* Debug */ = {
			isa = XCBuildConfiguration;
			buildSettings = {
				ALWAYS_SEARCH_USER_PATHS = NO;
				CLANG_CXX_LANGUAGE_STANDARD = "gnu++0x";
				CLANG_CXX_LIBRARY = "libc++";
				CLANG_ENABLE_MODULES = YES;
				CLANG_ENABLE_OBJC_ARC = YES;
				CLANG_WARN_BOOL_CONVERSION = YES;
				CLANG_WARN_CONSTANT_CONVERSION = YES;
				CLANG_WARN_DIRECT_OBJC_ISA_USAGE = YES_ERROR;
				CLANG_WARN_EMPTY_BODY = YES;
				CLANG_WARN_ENUM_CONVERSION = YES;
				CLANG_WARN_INT_CONVERSION = YES;
				CLANG_WARN_OBJC_ROOT_CLASS = YES_ERROR;
				CLANG_WARN_UNREACHABLE_CODE = YES;
				CLANG_WARN__DUPLICATE_METHOD_MATCH = YES;
				"CODE_SIGN_IDENTITY[sdk=iphoneos*]" = "iPhone Developer";
				COPY_PHASE_STRIP = NO;
				ENABLE_STRICT_OBJC_MSGSEND = YES;
				GCC_C_LANGUAGE_STANDARD = gnu99;
				GCC_DYNAMIC_NO_PIC = NO;
				GCC_OPTIMIZATION_LEVEL = 0;
				GCC_PREPROCESSOR_DEFINITIONS = (
					"DEBUG=1",
					"$(inherited)",
				);
				GCC_SYMBOLS_PRIVATE_EXTERN = NO;
				GCC_WARN_64_TO_32_BIT_CONVERSION = YES;
				GCC_WARN_ABOUT_RETURN_TYPE = YES_ERROR;
				GCC_WARN_UNDECLARED_SELECTOR = YES;
				GCC_WARN_UNINITIALIZED_AUTOS = YES_AGGRESSIVE;
				GCC_WARN_UNUSED_FUNCTION = YES;
				GCC_WARN_UNUSED_VARIABLE = YES;
				IPHONEOS_DEPLOYMENT_TARGET = 8.0;
				MTL_ENABLE_DEBUG_INFO = YES;
				ONLY_ACTIVE_ARCH = YES;
				SDKROOT = iphoneos;
			};
			name = Debug;
		};
		26D24EB61ACF27D600000377 /* Release */ = {
			isa = XCBuildConfiguration;
			buildSettings = {
				ALWAYS_SEARCH_USER_PATHS = NO;
				CLANG_CXX_LANGUAGE_STANDARD = "gnu++0x";
				CLANG_CXX_LIBRARY = "libc++";
				CLANG_ENABLE_MODULES = YES;
				CLANG_ENABLE_OBJC_ARC = YES;
				CLANG_WARN_BOOL_CONVERSION = YES;
				CLANG_WARN_CONSTANT_CONVERSION = YES;
				CLANG_WARN_DIRECT_OBJC_ISA_USAGE = YES_ERROR;
				CLANG_WARN_EMPTY_BODY = YES;
				CLANG_WARN_ENUM_CONVERSION = YES;
				CLANG_WARN_INT_CONVERSION = YES;
				CLANG_WARN_OBJC_ROOT_CLASS = YES_ERROR;
				CLANG_WARN_UNREACHABLE_CODE = YES;
				CLANG_WARN__DUPLICATE_METHOD_MATCH = YES;
				"CODE_SIGN_IDENTITY[sdk=iphoneos*]" = "iPhone Developer";
				COPY_PHASE_STRIP = NO;
				ENABLE_NS_ASSERTIONS = NO;
				ENABLE_STRICT_OBJC_MSGSEND = YES;
				GCC_C_LANGUAGE_STANDARD = gnu99;
				GCC_WARN_64_TO_32_BIT_CONVERSION = YES;
				GCC_WARN_ABOUT_RETURN_TYPE = YES_ERROR;
				GCC_WARN_UNDECLARED_SELECTOR = YES;
				GCC_WARN_UNINITIALIZED_AUTOS = YES_AGGRESSIVE;
				GCC_WARN_UNUSED_FUNCTION = YES;
				GCC_WARN_UNUSED_VARIABLE = YES;
				IPHONEOS_DEPLOYMENT_TARGET = 8.0;
				MTL_ENABLE_DEBUG_INFO = NO;
				SDKROOT = iphoneos;
				VALIDATE_PRODUCT = YES;
			};
			name = Release;
		};
		26D24EB81ACF27D700000377 /* Debug */ = {
			isa = XCBuildConfiguration;
			buildSettings = {
				ASSETCATALOG_COMPILER_APPICON_NAME = AppIcon;
				INFOPLIST_FILE = Tuneder/Info.plist;
				LD_RUNPATH_SEARCH_PATHS = "$(inherited) @executable_path/Frameworks";
				PRODUCT_NAME = "$(TARGET_NAME)";
			};
			name = Debug;
		};
		26D24EB91ACF27D700000377 /* Release */ = {
			isa = XCBuildConfiguration;
			buildSettings = {
				ASSETCATALOG_COMPILER_APPICON_NAME = AppIcon;
				INFOPLIST_FILE = Tuneder/Info.plist;
				LD_RUNPATH_SEARCH_PATHS = "$(inherited) @executable_path/Frameworks";
				PRODUCT_NAME = "$(TARGET_NAME)";
			};
			name = Release;
		};
		26D24EBB1ACF27D700000377 /* Debug */ = {
			isa = XCBuildConfiguration;
			buildSettings = {
				BUNDLE_LOADER = "$(TEST_HOST)";
				FRAMEWORK_SEARCH_PATHS = (
					"$(SDKROOT)/Developer/Library/Frameworks",
					"$(inherited)",
				);
				GCC_PREPROCESSOR_DEFINITIONS = (
					"DEBUG=1",
					"$(inherited)",
				);
				INFOPLIST_FILE = TunederTests/Info.plist;
				LD_RUNPATH_SEARCH_PATHS = "$(inherited) @executable_path/Frameworks @loader_path/Frameworks";
				PRODUCT_NAME = "$(TARGET_NAME)";
				TEST_HOST = "$(BUILT_PRODUCTS_DIR)/Tuneder.app/Tuneder";
			};
			name = Debug;
		};
		26D24EBC1ACF27D700000377 /* Release */ = {
			isa = XCBuildConfiguration;
			buildSettings = {
				BUNDLE_LOADER = "$(TEST_HOST)";
				FRAMEWORK_SEARCH_PATHS = (
					"$(SDKROOT)/Developer/Library/Frameworks",
					"$(inherited)",
				);
				INFOPLIST_FILE = TunederTests/Info.plist;
				LD_RUNPATH_SEARCH_PATHS = "$(inherited) @executable_path/Frameworks @loader_path/Frameworks";
				PRODUCT_NAME = "$(TARGET_NAME)";
				TEST_HOST = "$(BUILT_PRODUCTS_DIR)/Tuneder.app/Tuneder";
			};
			name = Release;
		};
/* End XCBuildConfiguration section */

/* Begin XCConfigurationList section */
		26D24E8F1ACF27D600000377 /* Build configuration list for PBXProject "Tuneder" */ = {
			isa = XCConfigurationList;
			buildConfigurations = (
				26D24EB51ACF27D600000377 /* Debug */,
				26D24EB61ACF27D600000377 /* Release */,
			);
			defaultConfigurationIsVisible = 0;
			defaultConfigurationName = Release;
		};
		26D24EB71ACF27D700000377 /* Build configuration list for PBXNativeTarget "Tuneder" */ = {
			isa = XCConfigurationList;
			buildConfigurations = (
				26D24EB81ACF27D700000377 /* Debug */,
				26D24EB91ACF27D700000377 /* Release */,
			);
			defaultConfigurationIsVisible = 0;
			defaultConfigurationName = Release;
		};
		26D24EBA1ACF27D700000377 /* Build configuration list for PBXNativeTarget "TunederTests" */ = {
			isa = XCConfigurationList;
			buildConfigurations = (
				26D24EBB1ACF27D700000377 /* Debug */,
				26D24EBC1ACF27D700000377 /* Release */,
			);
			defaultConfigurationIsVisible = 0;
			defaultConfigurationName = Release;
		};
/* End XCConfigurationList section */
	};
	rootObject = 26D24E8C1ACF27D600000377 /* Project object */;
}
